{
  "requires": true,
  "lockfileVersion": 1,
  "dependencies": {
    "amdefine": {
      "version": "0.0.8",
      "resolved": "https://registry.npmjs.org/amdefine/-/amdefine-0.0.8.tgz",
      "integrity": "sha1-NNyMmB5qyzvhhTvvjw7JSjnVW6A="
    },
    "imp": {
      "version": "0.0.1",
      "resolved": "https://registry.npmjs.org/imp/-/imp-0.0.1.tgz",
      "integrity": "sha1-aFyBoNOFMnS9vgmYxGXQiZZ2D74=",
      "requires": {
        "amdefine": "~0.0.2"
      }
    }
  }
}
